
Microsoft Visual Studio Solution File, Format Version 12.00
# Visual Studio Version 17
VisualStudioVersion = 17.0.32014.148
MinimumVisualStudioVersion = 10.0.40219.1
Project("{9A19103F-16F7-4668-BE54-9A1E7A4F7556}") = "TangyWeb_Server", "TangyWeb_Server\TangyWeb_Server.csproj", "{AB156D28-0FF2-4570-BC74-706CCC84B14C}"
EndProject
Project("{9A19103F-16F7-4668-BE54-9A1E7A4F7556}") = "TangyWeb_Client", "TangyWeb_Client\TangyWeb_Client.csproj", "{78C3FD8A-0F17-4A68-9E9C-DEE304172C4F}"
EndProject
Project("{9A19103F-16F7-4668-BE54-9A1E7A4F7556}") = "Tangy_Models", "Tangy_Models\Tangy_Models.csproj", "{5D28A829-65E1-4775-8AD3-F658CE63AD7D}"
EndProject
Global
	GlobalSection(SolutionConfigurationPlatforms) = preSolution
		Debug|Any CPU = Debug|Any CPU
		Release|Any CPU = Release|Any CPU
	EndGlobalSection
	GlobalSection(ProjectConfigurationPlatforms) = postSolution
		{AB156D28-0FF2-4570-BC74-706CCC84B14C}.Debug|Any CPU.ActiveCfg = Debug|Any CPU
		{AB156D28-0FF2-4570-BC74-706CCC84B14C}.Debug|Any CPU.Build.0 = Debug|Any CPU
		{AB156D28-0FF2-4570-BC74-706CCC84B14C}.Release|Any CPU.ActiveCfg = Release|Any CPU
		{AB156D28-0FF2-4570-BC74-706CCC84B14C}.Release|Any CPU.Build.0 = Release|Any CPU
		{78C3FD8A-0F17-4A68-9E9C-DEE304172C4F}.Debug|Any CPU.ActiveCfg = Debug|Any CPU
		{78C3FD8A-0F17-4A68-9E9C-DEE304172C4F}.Debug|Any CPU.Build.0 = Debug|Any CPU
		{78C3FD8A-0F17-4A68-9E9C-DEE304172C4F}.Release|Any CPU.ActiveCfg = Release|Any CPU
		{78C3FD8A-0F17-4A68-9E9C-DEE304172C4F}.Release|Any CPU.Build.0 = Release|Any CPU
		{5D28A829-65E1-4775-8AD3-F658CE63AD7D}.Debug|Any CPU.ActiveCfg = Debug|Any CPU
		{5D28A829-65E1-4775-8AD3-F658CE63AD7D}.Debug|Any CPU.Build.0 = Debug|Any CPU
		{5D28A829-65E1-4775-8AD3-F658CE63AD7D}.Release|Any CPU.ActiveCfg = Release|Any CPU
		{5D28A829-65E1-4775-8AD3-F658CE63AD7D}.Release|Any CPU.Build.0 = Release|Any CPU
	EndGlobalSection
	GlobalSection(SolutionProperties) = preSolution
		HideSolutionNode = FALSE
	EndGlobalSection
	GlobalSection(ExtensibilityGlobals) = postSolution
		SolutionGuid = {A7C7E796-3220-4371-AF5D-E7230002E944}
	EndGlobalSection
EndGlobal
