
Microsoft Visual Studio Solution File, Format Version 12.00
# Visual Studio Version 17
VisualStudioVersion = 17.0.32014.148
MinimumVisualStudioVersion = 10.0.40219.1
Project("{9A19103F-16F7-4668-BE54-9A1E7A4F7556}") = "TangyWeb_Server", "TangyWeb_Server\TangyWeb_Server.csproj", "{AB156D28-0FF2-4570-BC74-706CCC84B14C}"
EndProject
Project("{9A19103F-16F7-4668-BE54-9A1E7A4F7556}") = "TangyWeb_Client", "TangyWeb_Client\TangyWeb_Client.csproj", "{78C3FD8A-0F17-4A68-9E9C-DEE304172C4F}"
EndProject
Project("{9A19103F-16F7-4668-BE54-9A1E7A4F7556}") = "Tangy_Models", "Tangy_Models\Tangy_Models.csproj", "{5D28A829-65E1-4775-8AD3-F658CE63AD7D}"
EndProject
Project("{9A19103F-16F7-4668-BE54-9A1E7A4F7556}") = "Tangy_Business", "Tangy_Business\Tangy_Business.csproj", "{1386A5FC-5D67-4C94-A1A8-2543AD2C648E}"
EndProject
Project("{9A19103F-16F7-4668-BE54-9A1E7A4F7556}") = "Tangy_Common", "Tangy_Common\Tangy_Common.csproj", "{5F5B62BD-9591-474F-AD4A-538D176E3CCB}"
EndProject
Project("{9A19103F-16F7-4668-BE54-9A1E7A4F7556}") = "Tangy_DataAccess", "Tangy_DataAccess\Tangy_DataAccess.csproj", "{5FB4C625-B9AA-40C3-B389-792DD321DC2D}"
EndProject
Project("{FAE04EC0-301F-11D3-BF4B-00C04F79EFBC}") = "TangyWeb_API", "TangyWeb_API\TangyWeb_API.csproj", "{19BF1017-5A69-44D1-A955-F6DFFCDF496A}"
EndProject
Global
	GlobalSection(SolutionConfigurationPlatforms) = preSolution
		Debug|Any CPU = Debug|Any CPU
		Release|Any CPU = Release|Any CPU
	EndGlobalSection
	GlobalSection(ProjectConfigurationPlatforms) = postSolution
		{AB156D28-0FF2-4570-BC74-706CCC84B14C}.Debug|Any CPU.ActiveCfg = Debug|Any CPU
		{AB156D28-0FF2-4570-BC74-706CCC84B14C}.Debug|Any CPU.Build.0 = Debug|Any CPU
		{AB156D28-0FF2-4570-BC74-706CCC84B14C}.Release|Any CPU.ActiveCfg = Release|Any CPU
		{AB156D28-0FF2-4570-BC74-706CCC84B14C}.Release|Any CPU.Build.0 = Release|Any CPU
		{78C3FD8A-0F17-4A68-9E9C-DEE304172C4F}.Debug|Any CPU.ActiveCfg = Debug|Any CPU
		{78C3FD8A-0F17-4A68-9E9C-DEE304172C4F}.Debug|Any CPU.Build.0 = Debug|Any CPU
		{78C3FD8A-0F17-4A68-9E9C-DEE304172C4F}.Release|Any CPU.ActiveCfg = Release|Any CPU
		{78C3FD8A-0F17-4A68-9E9C-DEE304172C4F}.Release|Any CPU.Build.0 = Release|Any CPU
		{5D28A829-65E1-4775-8AD3-F658CE63AD7D}.Debug|Any CPU.ActiveCfg = Debug|Any CPU
		{5D28A829-65E1-4775-8AD3-F658CE63AD7D}.Debug|Any CPU.Build.0 = Debug|Any CPU
		{5D28A829-65E1-4775-8AD3-F658CE63AD7D}.Release|Any CPU.ActiveCfg = Release|Any CPU
		{5D28A829-65E1-4775-8AD3-F658CE63AD7D}.Release|Any CPU.Build.0 = Release|Any CPU
		{1386A5FC-5D67-4C94-A1A8-2543AD2C648E}.Debug|Any CPU.ActiveCfg = Debug|Any CPU
		{1386A5FC-5D67-4C94-A1A8-2543AD2C648E}.Debug|Any CPU.Build.0 = Debug|Any CPU
		{1386A5FC-5D67-4C94-A1A8-2543AD2C648E}.Release|Any CPU.ActiveCfg = Release|Any CPU
		{1386A5FC-5D67-4C94-A1A8-2543AD2C648E}.Release|Any CPU.Build.0 = Release|Any CPU
		{5F5B62BD-9591-474F-AD4A-538D176E3CCB}.Debug|Any CPU.ActiveCfg = Debug|Any CPU
		{5F5B62BD-9591-474F-AD4A-538D176E3CCB}.Debug|Any CPU.Build.0 = Debug|Any CPU
		{5F5B62BD-9591-474F-AD4A-538D176E3CCB}.Release|Any CPU.ActiveCfg = Release|Any CPU
		{5F5B62BD-9591-474F-AD4A-538D176E3CCB}.Release|Any CPU.Build.0 = Release|Any CPU
		{5FB4C625-B9AA-40C3-B389-792DD321DC2D}.Debug|Any CPU.ActiveCfg = Debug|Any CPU
		{5FB4C625-B9AA-40C3-B389-792DD321DC2D}.Debug|Any CPU.Build.0 = Debug|Any CPU
		{5FB4C625-B9AA-40C3-B389-792DD321DC2D}.Release|Any CPU.ActiveCfg = Release|Any CPU
		{5FB4C625-B9AA-40C3-B389-792DD321DC2D}.Release|Any CPU.Build.0 = Release|Any CPU
		{19BF1017-5A69-44D1-A955-F6DFFCDF496A}.Debug|Any CPU.ActiveCfg = Debug|Any CPU
		{19BF1017-5A69-44D1-A955-F6DFFCDF496A}.Debug|Any CPU.Build.0 = Debug|Any CPU
		{19BF1017-5A69-44D1-A955-F6DFFCDF496A}.Release|Any CPU.ActiveCfg = Release|Any CPU
		{19BF1017-5A69-44D1-A955-F6DFFCDF496A}.Release|Any CPU.Build.0 = Release|Any CPU
	EndGlobalSection
	GlobalSection(SolutionProperties) = preSolution
		HideSolutionNode = FALSE
	EndGlobalSection
	GlobalSection(ExtensibilityGlobals) = postSolution
		SolutionGuid = {A7C7E796-3220-4371-AF5D-E7230002E944}
	EndGlobalSection
EndGlobal
